
Microsoft Visual Studio Solution File, Format Version 12.00
# Visual Studio Version 16
VisualStudioVersion = 16.0.29102.190
MinimumVisualStudioVersion = 10.0.40219.1
Project("{FAE04EC0-301F-11D3-BF4B-00C04F79EFBC}") = "DDGFinder", "DDGFinder\DDGFinder.csproj", "{D060C9E9-4D04-4F41-91E5-3D7764E48DB7}"
EndProject
Global
	GlobalSection(SolutionConfigurationPlatforms) = preSolution
		Debug|Any CPU = Debug|Any CPU
		Release|Any CPU = Release|Any CPU
	EndGlobalSection
	GlobalSection(ProjectConfigurationPlatforms) = postSolution
		{D060C9E9-4D04-4F41-91E5-3D7764E48DB7}.Debug|Any CPU.ActiveCfg = Debug|Any CPU
		{D060C9E9-4D04-4F41-91E5-3D7764E48DB7}.Debug|Any CPU.Build.0 = Debug|Any CPU
		{D060C9E9-4D04-4F41-91E5-3D7764E48DB7}.Release|Any CPU.ActiveCfg = Release|Any CPU
		{D060C9E9-4D04-4F41-91E5-3D7764E48DB7}.Release|Any CPU.Build.0 = Release|Any CPU
	EndGlobalSection
	GlobalSection(SolutionProperties) = preSolution
		HideSolutionNode = FALSE
	EndGlobalSection
	GlobalSection(ExtensibilityGlobals) = postSolution
		SolutionGuid = {50477833-FD35-4F2B-A6C1-3856E26D2A56}
	EndGlobalSection
EndGlobal
